
Microsoft Visual Studio Solution File, Format Version 12.00
# Visual Studio Version 17
VisualStudioVersion = 17.11.35327.3
MinimumVisualStudioVersion = 10.0.40219.1
Project("{9A19103F-16F7-4668-BE54-9A1E7A4F7556}") = "TowardsOptimalTransactionScheduling", "TowardsOptimalTransactionScheduling.csproj", "{B897889D-83FC-452F-9866-15771BF995A8}"
EndProject
Project("{FAE04EC0-301F-11D3-BF4B-00C04F79EFBC}") = "Protocol", "..\Protocol\Protocol.csproj", "{6EB51AA1-0238-4158-B68B-9333712D73FF}"
EndProject
Project("{FAE04EC0-301F-11D3-BF4B-00C04F79EFBC}") = "ShortestMakespanFirst", "..\ShortestMakespanFirst\ShortestMakespanFirst.csproj", "{CE58D9ED-591D-4C6D-9E09-B5BE18CFBEDC}"
EndProject
Global
	GlobalSection(SolutionConfigurationPlatforms) = preSolution
		Debug|Any CPU = Debug|Any CPU
		Release|Any CPU = Release|Any CPU
	EndGlobalSection
	GlobalSection(ProjectConfigurationPlatforms) = postSolution
		{B897889D-83FC-452F-9866-15771BF995A8}.Debug|Any CPU.ActiveCfg = Debug|Any CPU
		{B897889D-83FC-452F-9866-15771BF995A8}.Debug|Any CPU.Build.0 = Debug|Any CPU
		{B897889D-83FC-452F-9866-15771BF995A8}.Release|Any CPU.ActiveCfg = Release|Any CPU
		{B897889D-83FC-452F-9866-15771BF995A8}.Release|Any CPU.Build.0 = Release|Any CPU
		{6EB51AA1-0238-4158-B68B-9333712D73FF}.Debug|Any CPU.ActiveCfg = Debug|Any CPU
		{6EB51AA1-0238-4158-B68B-9333712D73FF}.Debug|Any CPU.Build.0 = Debug|Any CPU
		{6EB51AA1-0238-4158-B68B-9333712D73FF}.Release|Any CPU.ActiveCfg = Release|Any CPU
		{6EB51AA1-0238-4158-B68B-9333712D73FF}.Release|Any CPU.Build.0 = Release|Any CPU
		{CE58D9ED-591D-4C6D-9E09-B5BE18CFBEDC}.Debug|Any CPU.ActiveCfg = Debug|Any CPU
		{CE58D9ED-591D-4C6D-9E09-B5BE18CFBEDC}.Debug|Any CPU.Build.0 = Debug|Any CPU
		{CE58D9ED-591D-4C6D-9E09-B5BE18CFBEDC}.Release|Any CPU.ActiveCfg = Release|Any CPU
		{CE58D9ED-591D-4C6D-9E09-B5BE18CFBEDC}.Release|Any CPU.Build.0 = Release|Any CPU
	EndGlobalSection
	GlobalSection(SolutionProperties) = preSolution
		HideSolutionNode = FALSE
	EndGlobalSection
	GlobalSection(ExtensibilityGlobals) = postSolution
		SolutionGuid = {19444DA2-871F-4232-ACCA-A41520A60DFB}
	EndGlobalSection
EndGlobal
